
Microsoft Visual Studio Solution File, Format Version 12.00
# Visual Studio Version 17
VisualStudioVersion = 17.1.32328.378
MinimumVisualStudioVersion = 10.0.40219.1
Project("{9A19103F-16F7-4668-BE54-9A1E7A4F7556}") = "ScoutPdf", "ScoutPdf\ScoutPdf.csproj", "{7390B737-E3DD-4E28-B73F-D5E7E6AE2848}"
EndProject
Global
	GlobalSection(SolutionConfigurationPlatforms) = preSolution
		Debug|Any CPU = Debug|Any CPU
		Release|Any CPU = Release|Any CPU
	EndGlobalSection
	GlobalSection(ProjectConfigurationPlatforms) = postSolution
		{7390B737-E3DD-4E28-B73F-D5E7E6AE2848}.Debug|Any CPU.ActiveCfg = Debug|Any CPU
		{7390B737-E3DD-4E28-B73F-D5E7E6AE2848}.Debug|Any CPU.Build.0 = Debug|Any CPU
		{7390B737-E3DD-4E28-B73F-D5E7E6AE2848}.Release|Any CPU.ActiveCfg = Release|Any CPU
		{7390B737-E3DD-4E28-B73F-D5E7E6AE2848}.Release|Any CPU.Build.0 = Release|Any CPU
	EndGlobalSection
	GlobalSection(SolutionProperties) = preSolution
		HideSolutionNode = FALSE
	EndGlobalSection
	GlobalSection(ExtensibilityGlobals) = postSolution
		SolutionGuid = {147F2951-AE26-4183-A806-F7ADDC47647B}
	EndGlobalSection
EndGlobal
